{
  "object": {
    "pins": [
      {
        "package": "KMPNativeCoroutines",
        "repositoryURL": "https://github.com/rickclephas/KMP-NativeCoroutines.git",
        "state": {
          "branch": "master",
          "revision": "c1b7821bfb822cdc458d5fae1a1939abb3e7b1e0",
          "version": null
        }
      },
      {
        "package": "RxSwift",
        "repositoryURL": "https://github.com/ReactiveX/RxSwift.git",
        "state": {
          "branch": null,
          "revision": "b4307ba0b6425c0ba4178e138799946c3da594f8",
          "version": "6.5.0"
        }
      }
    ]
  },
  "version": 1
}
